
Microsoft Visual Studio Solution File, Format Version 12.00
# Visual Studio Version 17
VisualStudioVersion = 17.6.33717.318
MinimumVisualStudioVersion = 10.0.40219.1
Project("{FAE04EC0-301F-11D3-BF4B-00C04F79EFBC}") = "LibraryManagementSystem", "LibraryManagementSystem\LibraryManagementSystem.csproj", "{7E00DFAC-8000-474D-9FFA-78A6077F9A4F}"
EndProject
Global
	GlobalSection(SolutionConfigurationPlatforms) = preSolution
		Debug|Any CPU = Debug|Any CPU
		Release|Any CPU = Release|Any CPU
	EndGlobalSection
	GlobalSection(ProjectConfigurationPlatforms) = postSolution
		{7E00DFAC-8000-474D-9FFA-78A6077F9A4F}.Debug|Any CPU.ActiveCfg = Debug|Any CPU
		{7E00DFAC-8000-474D-9FFA-78A6077F9A4F}.Debug|Any CPU.Build.0 = Debug|Any CPU
		{7E00DFAC-8000-474D-9FFA-78A6077F9A4F}.Release|Any CPU.ActiveCfg = Release|Any CPU
		{7E00DFAC-8000-474D-9FFA-78A6077F9A4F}.Release|Any CPU.Build.0 = Release|Any CPU
	EndGlobalSection
	GlobalSection(SolutionProperties) = preSolution
		HideSolutionNode = FALSE
	EndGlobalSection
	GlobalSection(ExtensibilityGlobals) = postSolution
		SolutionGuid = {8B91017D-CE21-42E4-9149-1EEC080867E0}
	EndGlobalSection
EndGlobal
