
Microsoft Visual Studio Solution File, Format Version 12.00
# Visual Studio Version 17
VisualStudioVersion = 17.6.33712.159
MinimumVisualStudioVersion = 10.0.40219.1
Project("{FAE04EC0-301F-11D3-BF4B-00C04F79EFBC}") = "StudentApp", "StudentApp\StudentApp.csproj", "{D8D613BC-03B1-4DCE-82D2-B8A460534383}"
EndProject
Global
	GlobalSection(SolutionConfigurationPlatforms) = preSolution
		Debug|Any CPU = Debug|Any CPU
		Release|Any CPU = Release|Any CPU
	EndGlobalSection
	GlobalSection(ProjectConfigurationPlatforms) = postSolution
		{D8D613BC-03B1-4DCE-82D2-B8A460534383}.Debug|Any CPU.ActiveCfg = Debug|Any CPU
		{D8D613BC-03B1-4DCE-82D2-B8A460534383}.Debug|Any CPU.Build.0 = Debug|Any CPU
		{D8D613BC-03B1-4DCE-82D2-B8A460534383}.Release|Any CPU.ActiveCfg = Release|Any CPU
		{D8D613BC-03B1-4DCE-82D2-B8A460534383}.Release|Any CPU.Build.0 = Release|Any CPU
	EndGlobalSection
	GlobalSection(SolutionProperties) = preSolution
		HideSolutionNode = FALSE
	EndGlobalSection
	GlobalSection(ExtensibilityGlobals) = postSolution
		SolutionGuid = {2C60A7A5-644E-427C-AE97-56422DFB0F80}
	EndGlobalSection
EndGlobal
